
Microsoft Visual Studio Solution File, Format Version 12.00
Project("{FAE04EC0-301F-11D3-BF4B-00C04F79EFBC}") = "OOP-CSharp-Lab1", "OOP-CSharp-Lab1\OOP-CSharp-Lab1.csproj", "{B797CAB2-26D5-4258-842D-517AD4829A96}"
EndProject
Project("{FAE04EC0-301F-11D3-BF4B-00C04F79EFBC}") = "OOP-CSharp-Test", "OOP-CSharp-Test\OOP-CSharp-Test.csproj", "{88D2F961-E68D-4CEE-A19F-E622ED256F86}"
EndProject
Project("{FAE04EC0-301F-11D3-BF4B-00C04F79EFBC}") = "Pr_Pr_2", "Pr_Pr_2\Pr_Pr_2.csproj", "{6C9A9289-0695-4E9B-9730-73F7800EDDC8}"
EndProject
Project("{FAE04EC0-301F-11D3-BF4B-00C04F79EFBC}") = "OOP-CSharp-Lab2", "OOP-CSharp-Lab2\OOP-CSharp-Lab2.csproj", "{0DDA5D80-290F-4156-8281-6229496E6569}"
EndProject
Project("{FAE04EC0-301F-11D3-BF4B-00C04F79EFBC}") = "MenObject", "MenObject\MenObject.csproj", "{558A9307-67C9-4DBA-AEAE-800B2DF1599F}"
EndProject
Project("{FAE04EC0-301F-11D3-BF4B-00C04F79EFBC}") = "RandomGame", "RandomGame\RandomGame.csproj", "{296850A9-4E21-4059-BB14-E9D6222E2F3B}"
EndProject
Global
	GlobalSection(SolutionConfigurationPlatforms) = preSolution
		Debug|Any CPU = Debug|Any CPU
		Release|Any CPU = Release|Any CPU
	EndGlobalSection
	GlobalSection(ProjectConfigurationPlatforms) = postSolution
		{B797CAB2-26D5-4258-842D-517AD4829A96}.Debug|Any CPU.ActiveCfg = Debug|Any CPU
		{B797CAB2-26D5-4258-842D-517AD4829A96}.Debug|Any CPU.Build.0 = Debug|Any CPU
		{B797CAB2-26D5-4258-842D-517AD4829A96}.Release|Any CPU.ActiveCfg = Release|Any CPU
		{B797CAB2-26D5-4258-842D-517AD4829A96}.Release|Any CPU.Build.0 = Release|Any CPU
		{88D2F961-E68D-4CEE-A19F-E622ED256F86}.Debug|Any CPU.ActiveCfg = Debug|Any CPU
		{88D2F961-E68D-4CEE-A19F-E622ED256F86}.Debug|Any CPU.Build.0 = Debug|Any CPU
		{88D2F961-E68D-4CEE-A19F-E622ED256F86}.Release|Any CPU.ActiveCfg = Release|Any CPU
		{88D2F961-E68D-4CEE-A19F-E622ED256F86}.Release|Any CPU.Build.0 = Release|Any CPU
		{6C9A9289-0695-4E9B-9730-73F7800EDDC8}.Debug|Any CPU.ActiveCfg = Debug|Any CPU
		{6C9A9289-0695-4E9B-9730-73F7800EDDC8}.Debug|Any CPU.Build.0 = Debug|Any CPU
		{6C9A9289-0695-4E9B-9730-73F7800EDDC8}.Release|Any CPU.ActiveCfg = Release|Any CPU
		{6C9A9289-0695-4E9B-9730-73F7800EDDC8}.Release|Any CPU.Build.0 = Release|Any CPU
		{0DDA5D80-290F-4156-8281-6229496E6569}.Debug|Any CPU.ActiveCfg = Debug|Any CPU
		{0DDA5D80-290F-4156-8281-6229496E6569}.Debug|Any CPU.Build.0 = Debug|Any CPU
		{0DDA5D80-290F-4156-8281-6229496E6569}.Release|Any CPU.ActiveCfg = Release|Any CPU
		{0DDA5D80-290F-4156-8281-6229496E6569}.Release|Any CPU.Build.0 = Release|Any CPU
		{558A9307-67C9-4DBA-AEAE-800B2DF1599F}.Debug|Any CPU.ActiveCfg = Debug|Any CPU
		{558A9307-67C9-4DBA-AEAE-800B2DF1599F}.Debug|Any CPU.Build.0 = Debug|Any CPU
		{558A9307-67C9-4DBA-AEAE-800B2DF1599F}.Release|Any CPU.ActiveCfg = Release|Any CPU
		{558A9307-67C9-4DBA-AEAE-800B2DF1599F}.Release|Any CPU.Build.0 = Release|Any CPU
		{296850A9-4E21-4059-BB14-E9D6222E2F3B}.Debug|Any CPU.ActiveCfg = Debug|Any CPU
		{296850A9-4E21-4059-BB14-E9D6222E2F3B}.Debug|Any CPU.Build.0 = Debug|Any CPU
		{296850A9-4E21-4059-BB14-E9D6222E2F3B}.Release|Any CPU.ActiveCfg = Release|Any CPU
		{296850A9-4E21-4059-BB14-E9D6222E2F3B}.Release|Any CPU.Build.0 = Release|Any CPU
	EndGlobalSection
EndGlobal
